
Microsoft Visual Studio Solution File, Format Version 12.00
# Visual Studio Version 17
VisualStudioVersion = 17.4.33403.182
MinimumVisualStudioVersion = 10.0.40219.1
Project("{FAE04EC0-301F-11D3-BF4B-00C04F79EFBC}") = "compNum", "compNum.csproj", "{61C47771-F1F8-49A2-BBCA-5DA15608C75C}"
EndProject
Global
	GlobalSection(SolutionConfigurationPlatforms) = preSolution
		Debug|Any CPU = Debug|Any CPU
		Release|Any CPU = Release|Any CPU
	EndGlobalSection
	GlobalSection(ProjectConfigurationPlatforms) = postSolution
		{61C47771-F1F8-49A2-BBCA-5DA15608C75C}.Debug|Any CPU.ActiveCfg = Debug|Any CPU
		{61C47771-F1F8-49A2-BBCA-5DA15608C75C}.Debug|Any CPU.Build.0 = Debug|Any CPU
		{61C47771-F1F8-49A2-BBCA-5DA15608C75C}.Release|Any CPU.ActiveCfg = Release|Any CPU
		{61C47771-F1F8-49A2-BBCA-5DA15608C75C}.Release|Any CPU.Build.0 = Release|Any CPU
	EndGlobalSection
	GlobalSection(SolutionProperties) = preSolution
		HideSolutionNode = FALSE
	EndGlobalSection
	GlobalSection(ExtensibilityGlobals) = postSolution
		SolutionGuid = {636076F7-57A2-4410-83C9-C8C14816DD9E}
	EndGlobalSection
EndGlobal
