
Microsoft Visual Studio Solution File, Format Version 12.00
# Visual Studio Version 17
VisualStudioVersion = 17.4.33403.182
MinimumVisualStudioVersion = 10.0.40219.1
Project("{FAE04EC0-301F-11D3-BF4B-00C04F79EFBC}") = "IdadeMaior", "IdadeMaior.csproj", "{27B51771-C84B-4D6D-9768-83E01B83BD61}"
EndProject
Global
	GlobalSection(SolutionConfigurationPlatforms) = preSolution
		Debug|Any CPU = Debug|Any CPU
		Release|Any CPU = Release|Any CPU
	EndGlobalSection
	GlobalSection(ProjectConfigurationPlatforms) = postSolution
		{27B51771-C84B-4D6D-9768-83E01B83BD61}.Debug|Any CPU.ActiveCfg = Debug|Any CPU
		{27B51771-C84B-4D6D-9768-83E01B83BD61}.Debug|Any CPU.Build.0 = Debug|Any CPU
		{27B51771-C84B-4D6D-9768-83E01B83BD61}.Release|Any CPU.ActiveCfg = Release|Any CPU
		{27B51771-C84B-4D6D-9768-83E01B83BD61}.Release|Any CPU.Build.0 = Release|Any CPU
	EndGlobalSection
	GlobalSection(SolutionProperties) = preSolution
		HideSolutionNode = FALSE
	EndGlobalSection
	GlobalSection(ExtensibilityGlobals) = postSolution
		SolutionGuid = {C6E38CB7-EEB0-4861-90A1-BB0267E68D21}
	EndGlobalSection
EndGlobal
